
Microsoft Visual Studio Solution File, Format Version 12.00
# Visual Studio 15
VisualStudioVersion = 15.0.26730.12
MinimumVisualStudioVersion = 10.0.40219.1
Project("{FAE04EC0-301F-11D3-BF4B-00C04F79EFBC}") = "Gastropoda", "gastropoda\Gastropoda.csproj", "{8EB6440C-D6AC-4791-A2A9-1B44F5564BD9}"
EndProject
Project("{FAE04EC0-301F-11D3-BF4B-00C04F79EFBC}") = "Gastropoda.Tests", "Gastropoda.Tests\Gastropoda.Tests.csproj", "{DA207098-FA36-491B-949B-8CAE1965DE33}"
EndProject
Global
	GlobalSection(SolutionConfigurationPlatforms) = preSolution
		Debug|Any CPU = Debug|Any CPU
		Release|Any CPU = Release|Any CPU
	EndGlobalSection
	GlobalSection(ProjectConfigurationPlatforms) = postSolution
		{8EB6440C-D6AC-4791-A2A9-1B44F5564BD9}.Debug|Any CPU.ActiveCfg = Debug|Any CPU
		{8EB6440C-D6AC-4791-A2A9-1B44F5564BD9}.Debug|Any CPU.Build.0 = Debug|Any CPU
		{8EB6440C-D6AC-4791-A2A9-1B44F5564BD9}.Release|Any CPU.ActiveCfg = Release|Any CPU
		{8EB6440C-D6AC-4791-A2A9-1B44F5564BD9}.Release|Any CPU.Build.0 = Release|Any CPU
		{DA207098-FA36-491B-949B-8CAE1965DE33}.Debug|Any CPU.ActiveCfg = Debug|Any CPU
		{DA207098-FA36-491B-949B-8CAE1965DE33}.Debug|Any CPU.Build.0 = Debug|Any CPU
		{DA207098-FA36-491B-949B-8CAE1965DE33}.Release|Any CPU.ActiveCfg = Release|Any CPU
		{DA207098-FA36-491B-949B-8CAE1965DE33}.Release|Any CPU.Build.0 = Release|Any CPU
	EndGlobalSection
	GlobalSection(SolutionProperties) = preSolution
		HideSolutionNode = FALSE
	EndGlobalSection
	GlobalSection(ExtensibilityGlobals) = postSolution
		SolutionGuid = {83CFD3D2-0071-4EA4-8BFF-6ACA90577A8B}
	EndGlobalSection
EndGlobal
